{
    "source/cli/scripts/copy-templates.cjs": "c317a294f8267c04",
    "source/cli/src/bin.ts": "5ee86ca6830aa686",
    "source/cli/src/cli/aspects.ts": "76dfd2bae043782b",
    "source/cli/src/cli/build-context.ts": "e13b75c46b72b38f",
    "source/cli/src/cli/deps.ts": "8424677ebe8201a5",
    "source/cli/src/cli/drift-sync.ts": "43a55696b6528c9d",
    "source/cli/src/cli/drift.ts": "fee8e32e3c9d4ebe",
    "source/cli/src/cli/flows.ts": "b79f50bd923df482",
    "source/cli/src/cli/impact.ts": "a080a78491a6c7b4",
    "source/cli/src/cli/init.ts": "825eb7e254e3afd2",
    "source/cli/src/cli/owner.ts": "e8e762939a71b194",
    "source/cli/src/cli/preflight.ts": "6cea3a072050d4f4",
    "source/cli/src/cli/select.ts": "2780a8d99ab81351",
    "source/cli/src/cli/status.ts": "d8617532a7c4fd37",
    "source/cli/src/cli/tree.ts": "2db2dbad59166b7e",
    "source/cli/src/cli/validate.ts": "be5fb66c8bfe621c",
    "source/cli/src/core/context-builder.ts": "f94c9f6ddd69a6b9",
    "source/cli/src/core/context-files.ts": "d6ed1ad62c606f9b",
    "source/cli/src/core/dependency-resolver.ts": "fbe98575ff8766ce",
    "source/cli/src/core/drift-detector.ts": "de45e149fdf02369",
    "source/cli/src/core/graph-from-git.ts": "c21d754e5d37659f",
    "source/cli/src/core/graph-loader.ts": "95c1f3d3fdcb9549",
    "source/cli/src/core/migrator.ts": "8035b071910c0037",
    "source/cli/src/core/node-selector.ts": "18b912f03d3e9b6d",
    "source/cli/src/core/validator.ts": "958335d6cbf01c76",
    "source/cli/src/formatters/context-text.ts": "d4133a862b8326c9",
    "source/cli/src/formatters/markdown.ts": "024784cfac5ce971",
    "source/cli/src/io/artifact-reader.ts": "559e285590e726ad",
    "source/cli/src/io/aspect-parser.ts": "e549e9f2794e32d5",
    "source/cli/src/io/config-parser.ts": "959db9de477e07de",
    "source/cli/src/io/drift-state-store.ts": "953739f6b1fbaf9f",
    "source/cli/src/io/flow-parser.ts": "edbcb5d56a0f2f0f",
    "source/cli/src/io/node-parser.ts": "794ec4d29a6d6539",
    "source/cli/src/io/schema-parser.ts": "41753ee28e91b5f6",
    "source/cli/src/migrations/index.ts": "d29e88af992e680d",
    "source/cli/src/migrations/to-2.0.0.ts": "4279a861b757fbf6",
    "source/cli/src/model/types.ts": "474a9f4b12040845",
    "source/cli/src/templates/default-config.ts": "3ee88925c8fe36c0",
    "source/cli/src/templates/platform.ts": "349b3472d04455fc",
    "source/cli/src/templates/rules.ts": "8ac0a56151216931",
    "source/cli/src/utils/git.ts": "af5cbcc8b747c33a",
    "source/cli/src/utils/hash.ts": "30d356e16f0fe334",
    "source/cli/src/utils/paths.ts": "a594adc34bcab4de",
    "source/cli/src/utils/tokenizer.ts": "11f4b966556a162a",
    "source/cli/src/utils/tokens.ts": "112ee68b3ac9d887"
}